
Microsoft Visual Studio Solution File, Format Version 12.00
# Visual Studio Version 17
VisualStudioVersion = 17.2.32519.379
MinimumVisualStudioVersion = 10.0.40219.1
Project("{FAE04EC0-301F-11D3-BF4B-00C04F79EFBC}") = "EuQueroApp", "EuQueroApp.csproj", "{1E6FD325-0673-44CD-85AD-5E1FBF960BFE}"
EndProject
Global
	GlobalSection(SolutionConfigurationPlatforms) = preSolution
		Debug|Any CPU = Debug|Any CPU
		Release|Any CPU = Release|Any CPU
	EndGlobalSection
	GlobalSection(ProjectConfigurationPlatforms) = postSolution
		{1E6FD325-0673-44CD-85AD-5E1FBF960BFE}.Debug|Any CPU.ActiveCfg = Debug|Any CPU
		{1E6FD325-0673-44CD-85AD-5E1FBF960BFE}.Debug|Any CPU.Build.0 = Debug|Any CPU
		{1E6FD325-0673-44CD-85AD-5E1FBF960BFE}.Release|Any CPU.ActiveCfg = Release|Any CPU
		{1E6FD325-0673-44CD-85AD-5E1FBF960BFE}.Release|Any CPU.Build.0 = Release|Any CPU
	EndGlobalSection
	GlobalSection(SolutionProperties) = preSolution
		HideSolutionNode = FALSE
	EndGlobalSection
	GlobalSection(ExtensibilityGlobals) = postSolution
		SolutionGuid = {EDFA2E1F-4478-4A9E-990E-75576BE767D2}
	EndGlobalSection
EndGlobal
